// !$*UTF8*$!
{
	archiveVersion = 1;
	classes = {
	};
	objectVersion = 46;
	objects = {

/* Begin PBXBuildFile section */
		0B9399F8E2FB571FDA68FED2 /* Pods_BabyTunes.framework in Frameworks */ = {isa = PBXBuildFile; fileRef = 5E9E6751206C237A5FD87766 /* Pods_BabyTunes.framework */; };
		581946261B9E36A200C40073 /* Song.swift in Sources */ = {isa = PBXBuildFile; fileRef = 585982E11B9E25E1009F3B38 /* Song.swift */; };
		581A661C1B41D30F00F888E1 /* Bolts.framework in Frameworks */ = {isa = PBXBuildFile; fileRef = 581A661A1B41D30F00F888E1 /* Bolts.framework */; };
		581A661D1B41D30F00F888E1 /* Parse.framework in Frameworks */ = {isa = PBXBuildFile; fileRef = 581A661B1B41D30F00F888E1 /* Parse.framework */; settings = {ATTRIBUTES = (Required, ); }; };
		581A66211B41D9A800F888E1 /* libz.dylib in Frameworks */ = {isa = PBXBuildFile; fileRef = 58799ED21AA4FED0008100F1 /* libz.dylib */; };
		581A66221B41DA2300F888E1 /* BTViewController.swift in Sources */ = {isa = PBXBuildFile; fileRef = 5859D51D1A7CEE61002F2CC6 /* BTViewController.swift */; };
		581A66231B41DA3000F888E1 /* SphereMenu.swift in Sources */ = {isa = PBXBuildFile; fileRef = 5859D51C1A7CEE61002F2CC6 /* SphereMenu.swift */; };
		581A66241B41DA4D00F888E1 /* BTCell.swift in Sources */ = {isa = PBXBuildFile; fileRef = 58B7B78B1A82B8D000843589 /* BTCell.swift */; };
		581A66251B41DA5F00F888E1 /* SlideInCellAnimator.swift in Sources */ = {isa = PBXBuildFile; fileRef = 58C60F041A863CEF0008315F /* SlideInCellAnimator.swift */; };
		581A66281B41DD7400F888E1 /* Parse.framework in Frameworks */ = {isa = PBXBuildFile; fileRef = 581A661B1B41D30F00F888E1 /* Parse.framework */; };
		581A66291B41DD9D00F888E1 /* Bolts.framework in Frameworks */ = {isa = PBXBuildFile; fileRef = 581A661A1B41D30F00F888E1 /* Bolts.framework */; };
		581A662A1B41DD9D00F888E1 /* AdSupport.framework in Frameworks */ = {isa = PBXBuildFile; fileRef = 58F546AF1ADDA9890066311D /* AdSupport.framework */; };
		581A662B1B41DD9D00F888E1 /* libz.1.1.3.dylib in Frameworks */ = {isa = PBXBuildFile; fileRef = 58F546AB1ADDA9340066311D /* libz.1.1.3.dylib */; };
		581A662C1B41DD9D00F888E1 /* Foundation.framework in Frameworks */ = {isa = PBXBuildFile; fileRef = 58F546A61ADDA8B90066311D /* Foundation.framework */; };
		581A662D1B41DD9D00F888E1 /* Accounts.framework in Frameworks */ = {isa = PBXBuildFile; fileRef = 588D4DA41AC88CEC00B3B14B /* Accounts.framework */; };
		581A662E1B41DD9D00F888E1 /* Social.framework in Frameworks */ = {isa = PBXBuildFile; fileRef = 588D4DA21AC88CD400B3B14B /* Social.framework */; };
		581A662F1B41DD9D00F888E1 /* libsqlite3.dylib in Frameworks */ = {isa = PBXBuildFile; fileRef = 58799ED41AA4FEE4008100F1 /* libsqlite3.dylib */; };
		581A66301B41DD9D00F888E1 /* libz.dylib in Frameworks */ = {isa = PBXBuildFile; fileRef = 58799ED21AA4FED0008100F1 /* libz.dylib */; };
		581A66311B41DD9D00F888E1 /* SystemConfiguration.framework in Frameworks */ = {isa = PBXBuildFile; fileRef = 58799ED01AA4FEB4008100F1 /* SystemConfiguration.framework */; };
		581A66321B41DD9D00F888E1 /* StoreKit.framework in Frameworks */ = {isa = PBXBuildFile; fileRef = 58799ECE1AA4FEA6008100F1 /* StoreKit.framework */; };
		581A66331B41DD9D00F888E1 /* Security.framework in Frameworks */ = {isa = PBXBuildFile; fileRef = 58799ECC1AA4FE95008100F1 /* Security.framework */; };
		581A66341B41DD9D00F888E1 /* QuartzCore.framework in Frameworks */ = {isa = PBXBuildFile; fileRef = 58799ECA1AA4FE7C008100F1 /* QuartzCore.framework */; };
		581A66351B41DD9D00F888E1 /* MobileCoreServices.framework in Frameworks */ = {isa = PBXBuildFile; fileRef = 58799EC81AA4FE6A008100F1 /* MobileCoreServices.framework */; };
		581A66361B41DD9D00F888E1 /* CoreLocation.framework in Frameworks */ = {isa = PBXBuildFile; fileRef = 58799EC61AA4FE5A008100F1 /* CoreLocation.framework */; };
		581A66371B41DD9D00F888E1 /* CoreGraphics.framework in Frameworks */ = {isa = PBXBuildFile; fileRef = 58799EC41AA4FE4C008100F1 /* CoreGraphics.framework */; };
		581A66381B41DD9D00F888E1 /* CFNetwork.framework in Frameworks */ = {isa = PBXBuildFile; fileRef = 58799EC21AA4FE3E008100F1 /* CFNetwork.framework */; };
		581A66391B41DD9D00F888E1 /* AudioToolbox.framework in Frameworks */ = {isa = PBXBuildFile; fileRef = 58799EC01AA4FE2C008100F1 /* AudioToolbox.framework */; };
		585982E21B9E25E1009F3B38 /* Song.swift in Sources */ = {isa = PBXBuildFile; fileRef = 585982E11B9E25E1009F3B38 /* Song.swift */; };
		5859D51E1A7CEE61002F2CC6 /* SphereMenu.swift in Sources */ = {isa = PBXBuildFile; fileRef = 5859D51C1A7CEE61002F2CC6 /* SphereMenu.swift */; };
		5859D51F1A7CEE61002F2CC6 /* BTViewController.swift in Sources */ = {isa = PBXBuildFile; fileRef = 5859D51D1A7CEE61002F2CC6 /* BTViewController.swift */; };
		588073E01A754A9A0006A6C8 /* AppDelegate.swift in Sources */ = {isa = PBXBuildFile; fileRef = 588073DF1A754A9A0006A6C8 /* AppDelegate.swift */; };
		588073E31A754A9A0006A6C8 /* BabyTunes.xcdatamodeld in Sources */ = {isa = PBXBuildFile; fileRef = 588073E11A754A9A0006A6C8 /* BabyTunes.xcdatamodeld */; };
		588073E81A754A9B0006A6C8 /* Main.storyboard in Resources */ = {isa = PBXBuildFile; fileRef = 588073E61A754A9B0006A6C8 /* Main.storyboard */; };
		588073EA1A754A9B0006A6C8 /* Images.xcassets in Resources */ = {isa = PBXBuildFile; fileRef = 588073E91A754A9B0006A6C8 /* Images.xcassets */; };
		588073ED1A754A9B0006A6C8 /* LaunchScreen.xib in Resources */ = {isa = PBXBuildFile; fileRef = 588073EB1A754A9B0006A6C8 /* LaunchScreen.xib */; };
		588073F91A754A9C0006A6C8 /* BabyTunesTests.swift in Sources */ = {isa = PBXBuildFile; fileRef = 588073F81A754A9C0006A6C8 /* BabyTunesTests.swift */; };
		588D47C41A87B47900898313 /* MouseEngland.png in Resources */ = {isa = PBXBuildFile; fileRef = 588D47C01A87B47900898313 /* MouseEngland.png */; };
		588D47C51A87B47900898313 /* MouseFrance.png in Resources */ = {isa = PBXBuildFile; fileRef = 588D47C11A87B47900898313 /* MouseFrance.png */; };
		588D47C61A87B47900898313 /* MouseGermany.png in Resources */ = {isa = PBXBuildFile; fileRef = 588D47C21A87B47900898313 /* MouseGermany.png */; };
		588D47C71A87B47900898313 /* MouseSpain.png in Resources */ = {isa = PBXBuildFile; fileRef = 588D47C31A87B47900898313 /* MouseSpain.png */; };
		588D4DA31AC88CD400B3B14B /* Social.framework in Frameworks */ = {isa = PBXBuildFile; fileRef = 588D4DA21AC88CD400B3B14B /* Social.framework */; };
		588D4DA51AC88CEC00B3B14B /* Accounts.framework in Frameworks */ = {isa = PBXBuildFile; fileRef = 588D4DA41AC88CEC00B3B14B /* Accounts.framework */; };
		588D4DA61AC88F4F00B3B14B /* CoreLocation.framework in Frameworks */ = {isa = PBXBuildFile; fileRef = 58799EC61AA4FE5A008100F1 /* CoreLocation.framework */; };
		58B744AA1A79907E0090EBBF /* MainWallpaper.png in Resources */ = {isa = PBXBuildFile; fileRef = 58B744A01A79907E0090EBBF /* MainWallpaper.png */; };
		58B7B78C1A82B8D000843589 /* BTCell.swift in Sources */ = {isa = PBXBuildFile; fileRef = 58B7B78B1A82B8D000843589 /* BTCell.swift */; };
		58C60F051A863CEF0008315F /* SlideInCellAnimator.swift in Sources */ = {isa = PBXBuildFile; fileRef = 58C60F041A863CEF0008315F /* SlideInCellAnimator.swift */; };
		58F546A31ADDA6E40066311D /* CFNetwork.framework in Frameworks */ = {isa = PBXBuildFile; fileRef = 58799EC21AA4FE3E008100F1 /* CFNetwork.framework */; };
		58F546A41ADDA71B0066311D /* MobileCoreServices.framework in Frameworks */ = {isa = PBXBuildFile; fileRef = 58799EC81AA4FE6A008100F1 /* MobileCoreServices.framework */; };
		58F546A51ADDA73E0066311D /* SystemConfiguration.framework in Frameworks */ = {isa = PBXBuildFile; fileRef = 58799ED01AA4FEB4008100F1 /* SystemConfiguration.framework */; };
		58F546A71ADDA8B90066311D /* Foundation.framework in Frameworks */ = {isa = PBXBuildFile; fileRef = 58F546A61ADDA8B90066311D /* Foundation.framework */; };
		58F546A81ADDA8F20066311D /* StoreKit.framework in Frameworks */ = {isa = PBXBuildFile; fileRef = 58799ECE1AA4FEA6008100F1 /* StoreKit.framework */; };
		58F546A91ADDA90F0066311D /* Security.framework in Frameworks */ = {isa = PBXBuildFile; fileRef = 58799ECC1AA4FE95008100F1 /* Security.framework */; };
		58F546AA1ADDA9230066311D /* QuartzCore.framework in Frameworks */ = {isa = PBXBuildFile; fileRef = 58799ECA1AA4FE7C008100F1 /* QuartzCore.framework */; };
		58F546AC1ADDA9340066311D /* libz.1.1.3.dylib in Frameworks */ = {isa = PBXBuildFile; fileRef = 58F546AB1ADDA9340066311D /* libz.1.1.3.dylib */; };
		58F546AD1ADDA9490066311D /* libsqlite3.dylib in Frameworks */ = {isa = PBXBuildFile; fileRef = 58799ED41AA4FEE4008100F1 /* libsqlite3.dylib */; };
		58F546AE1ADDA96A0066311D /* CoreGraphics.framework in Frameworks */ = {isa = PBXBuildFile; fileRef = 58799EC41AA4FE4C008100F1 /* CoreGraphics.framework */; };
		58F546B01ADDA9890066311D /* AdSupport.framework in Frameworks */ = {isa = PBXBuildFile; fileRef = 58F546AF1ADDA9890066311D /* AdSupport.framework */; };
		58F546B11ADDA9A10066311D /* AudioToolbox.framework in Frameworks */ = {isa = PBXBuildFile; fileRef = 58799EC01AA4FE2C008100F1 /* AudioToolbox.framework */; };
		6DADB4F34FCAAC3B36132579 /* Pods_BabyTunesTests.framework in Frameworks */ = {isa = PBXBuildFile; fileRef = DEAC314D5330A1DB26E5CF3F /* Pods_BabyTunesTests.framework */; };
/* End PBXBuildFile section */

/* Begin PBXContainerItemProxy section */
		588073F31A754A9C0006A6C8 /* PBXContainerItemProxy */ = {
			isa = PBXContainerItemProxy;
			containerPortal = 588073D21A754A9A0006A6C8 /* Project object */;
			proxyType = 1;
			remoteGlobalIDString = 588073D91A754A9A0006A6C8;
			remoteInfo = BabyTunes;
		};
/* End PBXContainerItemProxy section */

/* Begin PBXFileReference section */
		0BB07ACF3442CC2FC3177474 /* Pods-BabyTunesTests.debug.xcconfig */ = {isa = PBXFileReference; includeInIndex = 1; lastKnownFileType = text.xcconfig; name = "Pods-BabyTunesTests.debug.xcconfig"; path = "Pods/Target Support Files/Pods-BabyTunesTests/Pods-BabyTunesTests.debug.xcconfig"; sourceTree = "<group>"; };
		581A661A1B41D30F00F888E1 /* Bolts.framework */ = {isa = PBXFileReference; lastKnownFileType = wrapper.framework; path = Bolts.framework; sourceTree = "<group>"; };
		581A661B1B41D30F00F888E1 /* Parse.framework */ = {isa = PBXFileReference; lastKnownFileType = wrapper.framework; path = Parse.framework; sourceTree = "<group>"; };
		582B179A1A9A0B8D008B0620 /* BabyTunesTests-Bridging-Header.h */ = {isa = PBXFileReference; fileEncoding = 4; lastKnownFileType = sourcecode.c.h; name = "BabyTunesTests-Bridging-Header.h"; path = "../BabyTunes/Classes/BabyTunesTests-Bridging-Header.h"; sourceTree = "<group>"; };
		585982E11B9E25E1009F3B38 /* Song.swift */ = {isa = PBXFileReference; fileEncoding = 4; lastKnownFileType = sourcecode.swift; path = Song.swift; sourceTree = "<group>"; };
		5859D51C1A7CEE61002F2CC6 /* SphereMenu.swift */ = {isa = PBXFileReference; fileEncoding = 4; lastKnownFileType = sourcecode.swift; path = SphereMenu.swift; sourceTree = "<group>"; };
		5859D51D1A7CEE61002F2CC6 /* BTViewController.swift */ = {isa = PBXFileReference; fileEncoding = 4; lastKnownFileType = sourcecode.swift; path = BTViewController.swift; sourceTree = "<group>"; };
		58799EC01AA4FE2C008100F1 /* AudioToolbox.framework */ = {isa = PBXFileReference; lastKnownFileType = wrapper.framework; name = AudioToolbox.framework; path = System/Library/Frameworks/AudioToolbox.framework; sourceTree = SDKROOT; };
		58799EC21AA4FE3E008100F1 /* CFNetwork.framework */ = {isa = PBXFileReference; lastKnownFileType = wrapper.framework; name = CFNetwork.framework; path = System/Library/Frameworks/CFNetwork.framework; sourceTree = SDKROOT; };
		58799EC41AA4FE4C008100F1 /* CoreGraphics.framework */ = {isa = PBXFileReference; lastKnownFileType = wrapper.framework; name = CoreGraphics.framework; path = System/Library/Frameworks/CoreGraphics.framework; sourceTree = SDKROOT; };
		58799EC61AA4FE5A008100F1 /* CoreLocation.framework */ = {isa = PBXFileReference; lastKnownFileType = wrapper.framework; name = CoreLocation.framework; path = System/Library/Frameworks/CoreLocation.framework; sourceTree = SDKROOT; };
		58799EC81AA4FE6A008100F1 /* MobileCoreServices.framework */ = {isa = PBXFileReference; lastKnownFileType = wrapper.framework; name = MobileCoreServices.framework; path = System/Library/Frameworks/MobileCoreServices.framework; sourceTree = SDKROOT; };
		58799ECA1AA4FE7C008100F1 /* QuartzCore.framework */ = {isa = PBXFileReference; lastKnownFileType = wrapper.framework; name = QuartzCore.framework; path = System/Library/Frameworks/QuartzCore.framework; sourceTree = SDKROOT; };
		58799ECC1AA4FE95008100F1 /* Security.framework */ = {isa = PBXFileReference; lastKnownFileType = wrapper.framework; name = Security.framework; path = System/Library/Frameworks/Security.framework; sourceTree = SDKROOT; };
		58799ECE1AA4FEA6008100F1 /* StoreKit.framework */ = {isa = PBXFileReference; lastKnownFileType = wrapper.framework; name = StoreKit.framework; path = System/Library/Frameworks/StoreKit.framework; sourceTree = SDKROOT; };
		58799ED01AA4FEB4008100F1 /* SystemConfiguration.framework */ = {isa = PBXFileReference; lastKnownFileType = wrapper.framework; name = SystemConfiguration.framework; path = System/Library/Frameworks/SystemConfiguration.framework; sourceTree = SDKROOT; };
		58799ED21AA4FED0008100F1 /* libz.dylib */ = {isa = PBXFileReference; lastKnownFileType = "compiled.mach-o.dylib"; name = libz.dylib; path = usr/lib/libz.dylib; sourceTree = SDKROOT; };
		58799ED41AA4FEE4008100F1 /* libsqlite3.dylib */ = {isa = PBXFileReference; lastKnownFileType = "compiled.mach-o.dylib"; name = libsqlite3.dylib; path = usr/lib/libsqlite3.dylib; sourceTree = SDKROOT; };
		58799ED61AA4FFAF008100F1 /* BabyTunes-Bridging-Header.h */ = {isa = PBXFileReference; lastKnownFileType = sourcecode.c.h; path = "BabyTunes-Bridging-Header.h"; sourceTree = "<group>"; };
		588073DA1A754A9A0006A6C8 /* BabyTunes.app */ = {isa = PBXFileReference; explicitFileType = wrapper.application; includeInIndex = 0; path = BabyTunes.app; sourceTree = BUILT_PRODUCTS_DIR; };
		588073DE1A754A9A0006A6C8 /* Info.plist */ = {isa = PBXFileReference; lastKnownFileType = text.plist.xml; path = Info.plist; sourceTree = "<group>"; };
		588073DF1A754A9A0006A6C8 /* AppDelegate.swift */ = {isa = PBXFileReference; lastKnownFileType = sourcecode.swift; path = AppDelegate.swift; sourceTree = "<group>"; };
		588073E21A754A9A0006A6C8 /* BabyTunes.xcdatamodel */ = {isa = PBXFileReference; lastKnownFileType = wrapper.xcdatamodel; path = BabyTunes.xcdatamodel; sourceTree = "<group>"; };
		588073E71A754A9B0006A6C8 /* Base */ = {isa = PBXFileReference; lastKnownFileType = file.storyboard; name = Base; path = Base.lproj/Main.storyboard; sourceTree = "<group>"; };
		588073E91A754A9B0006A6C8 /* Images.xcassets */ = {isa = PBXFileReference; lastKnownFileType = folder.assetcatalog; path = Images.xcassets; sourceTree = "<group>"; };
		588073EC1A754A9B0006A6C8 /* Base */ = {isa = PBXFileReference; lastKnownFileType = file.xib; name = Base; path = Base.lproj/LaunchScreen.xib; sourceTree = "<group>"; };
		588073F21A754A9C0006A6C8 /* BabyTunesTests.xctest */ = {isa = PBXFileReference; explicitFileType = wrapper.cfbundle; includeInIndex = 0; path = BabyTunesTests.xctest; sourceTree = BUILT_PRODUCTS_DIR; };
		588073F71A754A9C0006A6C8 /* Info.plist */ = {isa = PBXFileReference; lastKnownFileType = text.plist.xml; path = Info.plist; sourceTree = "<group>"; };
		588073F81A754A9C0006A6C8 /* BabyTunesTests.swift */ = {isa = PBXFileReference; lastKnownFileType = sourcecode.swift; path = BabyTunesTests.swift; sourceTree = "<group>"; };
		588D47C01A87B47900898313 /* MouseEngland.png */ = {isa = PBXFileReference; lastKnownFileType = image.png; path = MouseEngland.png; sourceTree = "<group>"; };
		588D47C11A87B47900898313 /* MouseFrance.png */ = {isa = PBXFileReference; lastKnownFileType = image.png; path = MouseFrance.png; sourceTree = "<group>"; };
		588D47C21A87B47900898313 /* MouseGermany.png */ = {isa = PBXFileReference; lastKnownFileType = image.png; path = MouseGermany.png; sourceTree = "<group>"; };
		588D47C31A87B47900898313 /* MouseSpain.png */ = {isa = PBXFileReference; lastKnownFileType = image.png; path = MouseSpain.png; sourceTree = "<group>"; };
		588D4DA21AC88CD400B3B14B /* Social.framework */ = {isa = PBXFileReference; lastKnownFileType = wrapper.framework; name = Social.framework; path = System/Library/Frameworks/Social.framework; sourceTree = SDKROOT; };
		588D4DA41AC88CEC00B3B14B /* Accounts.framework */ = {isa = PBXFileReference; lastKnownFileType = wrapper.framework; name = Accounts.framework; path = System/Library/Frameworks/Accounts.framework; sourceTree = SDKROOT; };
		58B744A01A79907E0090EBBF /* MainWallpaper.png */ = {isa = PBXFileReference; lastKnownFileType = image.png; path = MainWallpaper.png; sourceTree = "<group>"; };
		58B7B78B1A82B8D000843589 /* BTCell.swift */ = {isa = PBXFileReference; fileEncoding = 4; lastKnownFileType = sourcecode.swift; path = BTCell.swift; sourceTree = "<group>"; };
		58C60F041A863CEF0008315F /* SlideInCellAnimator.swift */ = {isa = PBXFileReference; fileEncoding = 4; lastKnownFileType = sourcecode.swift; name = SlideInCellAnimator.swift; path = InitialViewController/SlideInCellAnimator.swift; sourceTree = "<group>"; };
		58F546A61ADDA8B90066311D /* Foundation.framework */ = {isa = PBXFileReference; lastKnownFileType = wrapper.framework; name = Foundation.framework; path = System/Library/Frameworks/Foundation.framework; sourceTree = SDKROOT; };
		58F546AB1ADDA9340066311D /* libz.1.1.3.dylib */ = {isa = PBXFileReference; lastKnownFileType = "compiled.mach-o.dylib"; name = libz.1.1.3.dylib; path = usr/lib/libz.1.1.3.dylib; sourceTree = SDKROOT; };
		58F546AF1ADDA9890066311D /* AdSupport.framework */ = {isa = PBXFileReference; lastKnownFileType = wrapper.framework; name = AdSupport.framework; path = System/Library/Frameworks/AdSupport.framework; sourceTree = SDKROOT; };
		5E9E6751206C237A5FD87766 /* Pods_BabyTunes.framework */ = {isa = PBXFileReference; explicitFileType = wrapper.framework; includeInIndex = 0; path = Pods_BabyTunes.framework; sourceTree = BUILT_PRODUCTS_DIR; };
		65925B733448619FBE9CD844 /* Pods-BabyTunes.release.xcconfig */ = {isa = PBXFileReference; includeInIndex = 1; lastKnownFileType = text.xcconfig; name = "Pods-BabyTunes.release.xcconfig"; path = "Pods/Target Support Files/Pods-BabyTunes/Pods-BabyTunes.release.xcconfig"; sourceTree = "<group>"; };
		6B0369E8BE11F30954AC487A /* Pods-BabyTunesTests.release.xcconfig */ = {isa = PBXFileReference; includeInIndex = 1; lastKnownFileType = text.xcconfig; name = "Pods-BabyTunesTests.release.xcconfig"; path = "Pods/Target Support Files/Pods-BabyTunesTests/Pods-BabyTunesTests.release.xcconfig"; sourceTree = "<group>"; };
		7549C85BE2FD2EEA18A39788 /* Pods-BabyTunes.debug.xcconfig */ = {isa = PBXFileReference; includeInIndex = 1; lastKnownFileType = text.xcconfig; name = "Pods-BabyTunes.debug.xcconfig"; path = "Pods/Target Support Files/Pods-BabyTunes/Pods-BabyTunes.debug.xcconfig"; sourceTree = "<group>"; };
		DEAC314D5330A1DB26E5CF3F /* Pods_BabyTunesTests.framework */ = {isa = PBXFileReference; explicitFileType = wrapper.framework; includeInIndex = 0; path = Pods_BabyTunesTests.framework; sourceTree = BUILT_PRODUCTS_DIR; };
/* End PBXFileReference section */

/* Begin PBXFrameworksBuildPhase section */
		588073D71A754A9A0006A6C8 /* Frameworks */ = {
			isa = PBXFrameworksBuildPhase;
			buildActionMask = 2147483647;
			files = (
				58F546B11ADDA9A10066311D /* AudioToolbox.framework in Frameworks */,
				588D4DA51AC88CEC00B3B14B /* Accounts.framework in Frameworks */,
				58F546B01ADDA9890066311D /* AdSupport.framework in Frameworks */,
				58F546AE1ADDA96A0066311D /* CoreGraphics.framework in Frameworks */,
				588D4DA61AC88F4F00B3B14B /* CoreLocation.framework in Frameworks */,
				58F546AD1ADDA9490066311D /* libsqlite3.dylib in Frameworks */,
				58F546AC1ADDA9340066311D /* libz.1.1.3.dylib in Frameworks */,
				58F546AA1ADDA9230066311D /* QuartzCore.framework in Frameworks */,
				58F546A91ADDA90F0066311D /* Security.framework in Frameworks */,
				588D4DA31AC88CD400B3B14B /* Social.framework in Frameworks */,
				581A661D1B41D30F00F888E1 /* Parse.framework in Frameworks */,
				58F546A81ADDA8F20066311D /* StoreKit.framework in Frameworks */,
				58F546A51ADDA73E0066311D /* SystemConfiguration.framework in Frameworks */,
				581A661C1B41D30F00F888E1 /* Bolts.framework in Frameworks */,
				58F546A71ADDA8B90066311D /* Foundation.framework in Frameworks */,
				58F546A41ADDA71B0066311D /* MobileCoreServices.framework in Frameworks */,
				58F546A31ADDA6E40066311D /* CFNetwork.framework in Frameworks */,
				581A66211B41D9A800F888E1 /* libz.dylib in Frameworks */,
				0B9399F8E2FB571FDA68FED2 /* Pods_BabyTunes.framework in Frameworks */,
			);
			runOnlyForDeploymentPostprocessing = 0;
		};
		588073EF1A754A9C0006A6C8 /* Frameworks */ = {
			isa = PBXFrameworksBuildPhase;
			buildActionMask = 2147483647;
			files = (
				6DADB4F34FCAAC3B36132579 /* Pods_BabyTunesTests.framework in Frameworks */,
				581A66291B41DD9D00F888E1 /* Bolts.framework in Frameworks */,
				581A66281B41DD7400F888E1 /* Parse.framework in Frameworks */,
				581A662A1B41DD9D00F888E1 /* AdSupport.framework in Frameworks */,
				581A662B1B41DD9D00F888E1 /* libz.1.1.3.dylib in Frameworks */,
				581A662C1B41DD9D00F888E1 /* Foundation.framework in Frameworks */,
				581A662D1B41DD9D00F888E1 /* Accounts.framework in Frameworks */,
				581A662E1B41DD9D00F888E1 /* Social.framework in Frameworks */,
				581A662F1B41DD9D00F888E1 /* libsqlite3.dylib in Frameworks */,
				581A66301B41DD9D00F888E1 /* libz.dylib in Frameworks */,
				581A66311B41DD9D00F888E1 /* SystemConfiguration.framework in Frameworks */,
				581A66321B41DD9D00F888E1 /* StoreKit.framework in Frameworks */,
				581A66331B41DD9D00F888E1 /* Security.framework in Frameworks */,
				581A66341B41DD9D00F888E1 /* QuartzCore.framework in Frameworks */,
				581A66351B41DD9D00F888E1 /* MobileCoreServices.framework in Frameworks */,
				581A66361B41DD9D00F888E1 /* CoreLocation.framework in Frameworks */,
				581A66371B41DD9D00F888E1 /* CoreGraphics.framework in Frameworks */,
				581A66381B41DD9D00F888E1 /* CFNetwork.framework in Frameworks */,
				581A66391B41DD9D00F888E1 /* AudioToolbox.framework in Frameworks */,
			);
			runOnlyForDeploymentPostprocessing = 0;
		};
/* End PBXFrameworksBuildPhase section */

/* Begin PBXGroup section */
		277A0AB8C079C0D0FA959B28 /* Pods */ = {
			isa = PBXGroup;
			children = (
				7549C85BE2FD2EEA18A39788 /* Pods-BabyTunes.debug.xcconfig */,
				65925B733448619FBE9CD844 /* Pods-BabyTunes.release.xcconfig */,
				0BB07ACF3442CC2FC3177474 /* Pods-BabyTunesTests.debug.xcconfig */,
				6B0369E8BE11F30954AC487A /* Pods-BabyTunesTests.release.xcconfig */,
			);
			name = Pods;
			sourceTree = "<group>";
		};
		287C12D95ABFCDC906CEC9BD /* Frameworks */ = {
			isa = PBXGroup;
			children = (
				581A661A1B41D30F00F888E1 /* Bolts.framework */,
				581A661B1B41D30F00F888E1 /* Parse.framework */,
				58F546AF1ADDA9890066311D /* AdSupport.framework */,
				58F546AB1ADDA9340066311D /* libz.1.1.3.dylib */,
				58F546A61ADDA8B90066311D /* Foundation.framework */,
				588D4DA41AC88CEC00B3B14B /* Accounts.framework */,
				588D4DA21AC88CD400B3B14B /* Social.framework */,
				58799ED41AA4FEE4008100F1 /* libsqlite3.dylib */,
				58799ED21AA4FED0008100F1 /* libz.dylib */,
				58799ED01AA4FEB4008100F1 /* SystemConfiguration.framework */,
				58799ECE1AA4FEA6008100F1 /* StoreKit.framework */,
				58799ECC1AA4FE95008100F1 /* Security.framework */,
				58799ECA1AA4FE7C008100F1 /* QuartzCore.framework */,
				58799EC81AA4FE6A008100F1 /* MobileCoreServices.framework */,
				58799EC61AA4FE5A008100F1 /* CoreLocation.framework */,
				58799EC41AA4FE4C008100F1 /* CoreGraphics.framework */,
				58799EC21AA4FE3E008100F1 /* CFNetwork.framework */,
				58799EC01AA4FE2C008100F1 /* AudioToolbox.framework */,
				5E9E6751206C237A5FD87766 /* Pods_BabyTunes.framework */,
				DEAC314D5330A1DB26E5CF3F /* Pods_BabyTunesTests.framework */,
			);
			name = Frameworks;
			sourceTree = "<group>";
		};
		5859D51B1A7CEE61002F2CC6 /* Classes */ = {
			isa = PBXGroup;
			children = (
				58B61C911B714E01009D7475 /* Models */,
				58C60F061A863D160008315F /* InitialViewController */,
			);
			path = Classes;
			sourceTree = "<group>";
		};
		588073D11A754A9A0006A6C8 = {
			isa = PBXGroup;
			children = (
				588073DC1A754A9A0006A6C8 /* BabyTunes */,
				588073F51A754A9C0006A6C8 /* BabyTunesTests */,
				588073DB1A754A9A0006A6C8 /* Products */,
				277A0AB8C079C0D0FA959B28 /* Pods */,
				287C12D95ABFCDC906CEC9BD /* Frameworks */,
			);
			sourceTree = "<group>";
		};
		588073DB1A754A9A0006A6C8 /* Products */ = {
			isa = PBXGroup;
			children = (
				588073DA1A754A9A0006A6C8 /* BabyTunes.app */,
				588073F21A754A9C0006A6C8 /* BabyTunesTests.xctest */,
			);
			name = Products;
			sourceTree = "<group>";
		};
		588073DC1A754A9A0006A6C8 /* BabyTunes */ = {
			isa = PBXGroup;
			children = (
				5859D51B1A7CEE61002F2CC6 /* Classes */,
				588074041A7835CD0006A6C8 /* Resources */,
				588073DF1A754A9A0006A6C8 /* AppDelegate.swift */,
				588073E61A754A9B0006A6C8 /* Main.storyboard */,
				588073E91A754A9B0006A6C8 /* Images.xcassets */,
				588073EB1A754A9B0006A6C8 /* LaunchScreen.xib */,
				588073E11A754A9A0006A6C8 /* BabyTunes.xcdatamodeld */,
				588073DD1A754A9A0006A6C8 /* Supporting Files */,
			);
			path = BabyTunes;
			sourceTree = "<group>";
		};
		588073DD1A754A9A0006A6C8 /* Supporting Files */ = {
			isa = PBXGroup;
			children = (
				588073DE1A754A9A0006A6C8 /* Info.plist */,
			);
			name = "Supporting Files";
			sourceTree = "<group>";
		};
		588073F51A754A9C0006A6C8 /* BabyTunesTests */ = {
			isa = PBXGroup;
			children = (
				582B179A1A9A0B8D008B0620 /* BabyTunesTests-Bridging-Header.h */,
				588073F81A754A9C0006A6C8 /* BabyTunesTests.swift */,
				588073F61A754A9C0006A6C8 /* Supporting Files */,
			);
			path = BabyTunesTests;
			sourceTree = "<group>";
		};
		588073F61A754A9C0006A6C8 /* Supporting Files */ = {
			isa = PBXGroup;
			children = (
				588073F71A754A9C0006A6C8 /* Info.plist */,
			);
			name = "Supporting Files";
			sourceTree = "<group>";
		};
		588074041A7835CD0006A6C8 /* Resources */ = {
			isa = PBXGroup;
			children = (
				588D47BF1A87B47900898313 /* MausCharacters */,
				58B7449F1A79907E0090EBBF /* Backgrounds */,
			);
			path = Resources;
			sourceTree = "<group>";
		};
		588D47BF1A87B47900898313 /* MausCharacters */ = {
			isa = PBXGroup;
			children = (
				588D47C01A87B47900898313 /* MouseEngland.png */,
				588D47C11A87B47900898313 /* MouseFrance.png */,
				588D47C21A87B47900898313 /* MouseGermany.png */,
				588D47C31A87B47900898313 /* MouseSpain.png */,
			);
			path = MausCharacters;
			sourceTree = "<group>";
		};
		58B61C911B714E01009D7475 /* Models */ = {
			isa = PBXGroup;
			children = (
				585982E11B9E25E1009F3B38 /* Song.swift */,
			);
			name = Models;
			sourceTree = "<group>";
		};
		58B7449F1A79907E0090EBBF /* Backgrounds */ = {
			isa = PBXGroup;
			children = (
				58B744A01A79907E0090EBBF /* MainWallpaper.png */,
			);
			path = Backgrounds;
			sourceTree = "<group>";
		};
		58C60F061A863D160008315F /* InitialViewController */ = {
			isa = PBXGroup;
			children = (
				5859D51D1A7CEE61002F2CC6 /* BTViewController.swift */,
				58B7B78B1A82B8D000843589 /* BTCell.swift */,
				5859D51C1A7CEE61002F2CC6 /* SphereMenu.swift */,
				58C60F041A863CEF0008315F /* SlideInCellAnimator.swift */,
				58799ED61AA4FFAF008100F1 /* BabyTunes-Bridging-Header.h */,
			);
			name = InitialViewController;
			sourceTree = "<group>";
		};
/* End PBXGroup section */

/* Begin PBXNativeTarget section */
		588073D91A754A9A0006A6C8 /* BabyTunes */ = {
			isa = PBXNativeTarget;
			buildConfigurationList = 588073FC1A754A9C0006A6C8 /* Build configuration list for PBXNativeTarget "BabyTunes" */;
			buildPhases = (
				BD7533FD434169C018882BEF /* Check Pods Manifest.lock */,
				588073D61A754A9A0006A6C8 /* Sources */,
				588073D71A754A9A0006A6C8 /* Frameworks */,
				588073D81A754A9A0006A6C8 /* Resources */,
				384D77D7CE87EB1614CEAC3C /* Embed Pods Frameworks */,
				431793ADEB43ABF718F131A2 /* Copy Pods Resources */,
			);
			buildRules = (
			);
			dependencies = (
			);
			name = BabyTunes;
			productName = BabyTunes;
			productReference = 588073DA1A754A9A0006A6C8 /* BabyTunes.app */;
			productType = "com.apple.product-type.application";
		};
		588073F11A754A9C0006A6C8 /* BabyTunesTests */ = {
			isa = PBXNativeTarget;
			buildConfigurationList = 588073FF1A754A9C0006A6C8 /* Build configuration list for PBXNativeTarget "BabyTunesTests" */;
			buildPhases = (
				D0585976D198818AF2C281A6 /* Check Pods Manifest.lock */,
				588073EE1A754A9C0006A6C8 /* Sources */,
				588073EF1A754A9C0006A6C8 /* Frameworks */,
				588073F01A754A9C0006A6C8 /* Resources */,
				9573717FC6A415778D7E5873 /* Copy Pods Resources */,
				F19E2D3BF95C5E23286C247E /* Embed Pods Frameworks */,
			);
			buildRules = (
			);
			dependencies = (
				588073F41A754A9C0006A6C8 /* PBXTargetDependency */,
			);
			name = BabyTunesTests;
			productName = BabyTunesTests;
			productReference = 588073F21A754A9C0006A6C8 /* BabyTunesTests.xctest */;
			productType = "com.apple.product-type.bundle.unit-test";
		};
/* End PBXNativeTarget section */

/* Begin PBXProject section */
		588073D21A754A9A0006A6C8 /* Project object */ = {
			isa = PBXProject;
			attributes = {
				LastSwiftMigration = 0700;
				LastSwiftUpdateCheck = 0700;
				LastUpgradeCheck = 0700;
				ORGANIZATIONNAME = CCDimensions;
				TargetAttributes = {
					588073D91A754A9A0006A6C8 = {
						CreatedOnToolsVersion = 6.1.1;
						DevelopmentTeam = Y4R8N4N5G7;
					};
					588073F11A754A9C0006A6C8 = {
						CreatedOnToolsVersion = 6.1.1;
						TestTargetID = 588073D91A754A9A0006A6C8;
					};
				};
			};
			buildConfigurationList = 588073D51A754A9A0006A6C8 /* Build configuration list for PBXProject "BabyTunes" */;
			compatibilityVersion = "Xcode 3.2";
			developmentRegion = English;
			hasScannedForEncodings = 0;
			knownRegions = (
				en,
				Base,
			);
			mainGroup = 588073D11A754A9A0006A6C8;
			productRefGroup = 588073DB1A754A9A0006A6C8 /* Products */;
			projectDirPath = "";
			projectRoot = "";
			targets = (
				588073D91A754A9A0006A6C8 /* BabyTunes */,
				588073F11A754A9C0006A6C8 /* BabyTunesTests */,
			);
		};
/* End PBXProject section */

/* Begin PBXResourcesBuildPhase section */
		588073D81A754A9A0006A6C8 /* Resources */ = {
			isa = PBXResourcesBuildPhase;
			buildActionMask = 2147483647;
			files = (
				58B744AA1A79907E0090EBBF /* MainWallpaper.png in Resources */,
				588D47C71A87B47900898313 /* MouseSpain.png in Resources */,
				588D47C41A87B47900898313 /* MouseEngland.png in Resources */,
				588073E81A754A9B0006A6C8 /* Main.storyboard in Resources */,
				588D47C51A87B47900898313 /* MouseFrance.png in Resources */,
				588D47C61A87B47900898313 /* MouseGermany.png in Resources */,
				588073ED1A754A9B0006A6C8 /* LaunchScreen.xib in Resources */,
				588073EA1A754A9B0006A6C8 /* Images.xcassets in Resources */,
			);
			runOnlyForDeploymentPostprocessing = 0;
		};
		588073F01A754A9C0006A6C8 /* Resources */ = {
			isa = PBXResourcesBuildPhase;
			buildActionMask = 2147483647;
			files = (
			);
			runOnlyForDeploymentPostprocessing = 0;
		};
/* End PBXResourcesBuildPhase section */

/* Begin PBXShellScriptBuildPhase section */
		384D77D7CE87EB1614CEAC3C /* Embed Pods Frameworks */ = {
			isa = PBXShellScriptBuildPhase;
			buildActionMask = 2147483647;
			files = (
			);
			inputPaths = (
			);
			name = "Embed Pods Frameworks";
			outputPaths = (
			);
			runOnlyForDeploymentPostprocessing = 0;
			shellPath = /bin/sh;
			shellScript = "\"${SRCROOT}/Pods/Target Support Files/Pods-BabyTunes/Pods-BabyTunes-frameworks.sh\"\n";
			showEnvVarsInLog = 0;
		};
		431793ADEB43ABF718F131A2 /* Copy Pods Resources */ = {
			isa = PBXShellScriptBuildPhase;
			buildActionMask = 2147483647;
			files = (
			);
			inputPaths = (
			);
			name = "Copy Pods Resources";
			outputPaths = (
			);
			runOnlyForDeploymentPostprocessing = 0;
			shellPath = /bin/sh;
			shellScript = "\"${SRCROOT}/Pods/Target Support Files/Pods-BabyTunes/Pods-BabyTunes-resources.sh\"\n";
			showEnvVarsInLog = 0;
		};
		9573717FC6A415778D7E5873 /* Copy Pods Resources */ = {
			isa = PBXShellScriptBuildPhase;
			buildActionMask = 2147483647;
			files = (
			);
			inputPaths = (
			);
			name = "Copy Pods Resources";
			outputPaths = (
			);
			runOnlyForDeploymentPostprocessing = 0;
			shellPath = /bin/sh;
			shellScript = "\"${SRCROOT}/Pods/Target Support Files/Pods-BabyTunesTests/Pods-BabyTunesTests-resources.sh\"\n";
			showEnvVarsInLog = 0;
		};
		BD7533FD434169C018882BEF /* Check Pods Manifest.lock */ = {
			isa = PBXShellScriptBuildPhase;
			buildActionMask = 2147483647;
			files = (
			);
			inputPaths = (
			);
			name = "Check Pods Manifest.lock";
			outputPaths = (
			);
			runOnlyForDeploymentPostprocessing = 0;
			shellPath = /bin/sh;
			shellScript = "diff \"${PODS_ROOT}/../Podfile.lock\" \"${PODS_ROOT}/Manifest.lock\" > /dev/null\nif [[ $? != 0 ]] ; then\n    cat << EOM\nerror: The sandbox is not in sync with the Podfile.lock. Run 'pod install' or update your CocoaPods installation.\nEOM\n    exit 1\nfi\n";
			showEnvVarsInLog = 0;
		};
		D0585976D198818AF2C281A6 /* Check Pods Manifest.lock */ = {
			isa = PBXShellScriptBuildPhase;
			buildActionMask = 2147483647;
			files = (
			);
			inputPaths = (
			);
			name = "Check Pods Manifest.lock";
			outputPaths = (
			);
			runOnlyForDeploymentPostprocessing = 0;
			shellPath = /bin/sh;
			shellScript = "diff \"${PODS_ROOT}/../Podfile.lock\" \"${PODS_ROOT}/Manifest.lock\" > /dev/null\nif [[ $? != 0 ]] ; then\n    cat << EOM\nerror: The sandbox is not in sync with the Podfile.lock. Run 'pod install' or update your CocoaPods installation.\nEOM\n    exit 1\nfi\n";
			showEnvVarsInLog = 0;
		};
		F19E2D3BF95C5E23286C247E /* Embed Pods Frameworks */ = {
			isa = PBXShellScriptBuildPhase;
			buildActionMask = 2147483647;
			files = (
			);
			inputPaths = (
			);
			name = "Embed Pods Frameworks";
			outputPaths = (
			);
			runOnlyForDeploymentPostprocessing = 0;
			shellPath = /bin/sh;
			shellScript = "\"${SRCROOT}/Pods/Target Support Files/Pods-BabyTunesTests/Pods-BabyTunesTests-frameworks.sh\"\n";
			showEnvVarsInLog = 0;
		};
/* End PBXShellScriptBuildPhase section */

/* Begin PBXSourcesBuildPhase section */
		588073D61A754A9A0006A6C8 /* Sources */ = {
			isa = PBXSourcesBuildPhase;
			buildActionMask = 2147483647;
			files = (
				585982E21B9E25E1009F3B38 /* Song.swift in Sources */,
				58B7B78C1A82B8D000843589 /* BTCell.swift in Sources */,
				588073E01A754A9A0006A6C8 /* AppDelegate.swift in Sources */,
				588073E31A754A9A0006A6C8 /* BabyTunes.xcdatamodeld in Sources */,
				58C60F051A863CEF0008315F /* SlideInCellAnimator.swift in Sources */,
				5859D51F1A7CEE61002F2CC6 /* BTViewController.swift in Sources */,
				5859D51E1A7CEE61002F2CC6 /* SphereMenu.swift in Sources */,
			);
			runOnlyForDeploymentPostprocessing = 0;
		};
		588073EE1A754A9C0006A6C8 /* Sources */ = {
			isa = PBXSourcesBuildPhase;
			buildActionMask = 2147483647;
			files = (
				581946261B9E36A200C40073 /* Song.swift in Sources */,
				581A66221B41DA2300F888E1 /* BTViewController.swift in Sources */,
				581A66241B41DA4D00F888E1 /* BTCell.swift in Sources */,
				588073F91A754A9C0006A6C8 /* BabyTunesTests.swift in Sources */,
				581A66231B41DA3000F888E1 /* SphereMenu.swift in Sources */,
				581A66251B41DA5F00F888E1 /* SlideInCellAnimator.swift in Sources */,
			);
			runOnlyForDeploymentPostprocessing = 0;
		};
/* End PBXSourcesBuildPhase section */

/* Begin PBXTargetDependency section */
		588073F41A754A9C0006A6C8 /* PBXTargetDependency */ = {
			isa = PBXTargetDependency;
			target = 588073D91A754A9A0006A6C8 /* BabyTunes */;
			targetProxy = 588073F31A754A9C0006A6C8 /* PBXContainerItemProxy */;
		};
/* End PBXTargetDependency section */

/* Begin PBXVariantGroup section */
		588073E61A754A9B0006A6C8 /* Main.storyboard */ = {
			isa = PBXVariantGroup;
			children = (
				588073E71A754A9B0006A6C8 /* Base */,
			);
			name = Main.storyboard;
			sourceTree = "<group>";
		};
		588073EB1A754A9B0006A6C8 /* LaunchScreen.xib */ = {
			isa = PBXVariantGroup;
			children = (
				588073EC1A754A9B0006A6C8 /* Base */,
			);
			name = LaunchScreen.xib;
			sourceTree = "<group>";
		};
/* End PBXVariantGroup section */

/* Begin XCBuildConfiguration section */
		588073FA1A754A9C0006A6C8 /* Debug */ = {
			isa = XCBuildConfiguration;
			buildSettings = {
				ALWAYS_SEARCH_USER_PATHS = NO;
				CLANG_CXX_LANGUAGE_STANDARD = "gnu++0x";
				CLANG_CXX_LIBRARY = "libc++";
				CLANG_ENABLE_MODULES = YES;
				CLANG_ENABLE_OBJC_ARC = YES;
				CLANG_WARN_BOOL_CONVERSION = YES;
				CLANG_WARN_CONSTANT_CONVERSION = YES;
				CLANG_WARN_DIRECT_OBJC_ISA_USAGE = YES_ERROR;
				CLANG_WARN_EMPTY_BODY = YES;
				CLANG_WARN_ENUM_CONVERSION = YES;
				CLANG_WARN_INT_CONVERSION = YES;
				CLANG_WARN_OBJC_ROOT_CLASS = YES_ERROR;
				CLANG_WARN_UNREACHABLE_CODE = YES;
				CLANG_WARN__DUPLICATE_METHOD_MATCH = YES;
				"CODE_SIGN_IDENTITY[sdk=iphoneos*]" = "iPhone Developer";
				COPY_PHASE_STRIP = NO;
				ENABLE_STRICT_OBJC_MSGSEND = YES;
				ENABLE_TESTABILITY = YES;
				GCC_C_LANGUAGE_STANDARD = gnu99;
				GCC_DYNAMIC_NO_PIC = NO;
				GCC_OPTIMIZATION_LEVEL = 0;
				GCC_PREPROCESSOR_DEFINITIONS = (
					"DEBUG=1",
					"$(inherited)",
				);
				GCC_SYMBOLS_PRIVATE_EXTERN = NO;
				GCC_WARN_64_TO_32_BIT_CONVERSION = YES;
				GCC_WARN_ABOUT_RETURN_TYPE = YES_ERROR;
				GCC_WARN_UNDECLARED_SELECTOR = YES;
				GCC_WARN_UNINITIALIZED_AUTOS = YES_AGGRESSIVE;
				GCC_WARN_UNUSED_FUNCTION = YES;
				GCC_WARN_UNUSED_VARIABLE = YES;
				IPHONEOS_DEPLOYMENT_TARGET = 8.1;
				MTL_ENABLE_DEBUG_INFO = YES;
				ONLY_ACTIVE_ARCH = YES;
				SDKROOT = iphoneos;
				SWIFT_OPTIMIZATION_LEVEL = "-Onone";
			};
			name = Debug;
		};
		588073FB1A754A9C0006A6C8 /* Release */ = {
			isa = XCBuildConfiguration;
			buildSettings = {
				ALWAYS_SEARCH_USER_PATHS = NO;
				CLANG_CXX_LANGUAGE_STANDARD = "gnu++0x";
				CLANG_CXX_LIBRARY = "libc++";
				CLANG_ENABLE_MODULES = YES;
				CLANG_ENABLE_OBJC_ARC = YES;
				CLANG_WARN_BOOL_CONVERSION = YES;
				CLANG_WARN_CONSTANT_CONVERSION = YES;
				CLANG_WARN_DIRECT_OBJC_ISA_USAGE = YES_ERROR;
				CLANG_WARN_EMPTY_BODY = YES;
				CLANG_WARN_ENUM_CONVERSION = YES;
				CLANG_WARN_INT_CONVERSION = YES;
				CLANG_WARN_OBJC_ROOT_CLASS = YES_ERROR;
				CLANG_WARN_UNREACHABLE_CODE = YES;
				CLANG_WARN__DUPLICATE_METHOD_MATCH = YES;
				"CODE_SIGN_IDENTITY[sdk=iphoneos*]" = "iPhone Developer";
				COPY_PHASE_STRIP = YES;
				ENABLE_NS_ASSERTIONS = NO;
				ENABLE_STRICT_OBJC_MSGSEND = YES;
				GCC_C_LANGUAGE_STANDARD = gnu99;
				GCC_WARN_64_TO_32_BIT_CONVERSION = YES;
				GCC_WARN_ABOUT_RETURN_TYPE = YES_ERROR;
				GCC_WARN_UNDECLARED_SELECTOR = YES;
				GCC_WARN_UNINITIALIZED_AUTOS = YES_AGGRESSIVE;
				GCC_WARN_UNUSED_FUNCTION = YES;
				GCC_WARN_UNUSED_VARIABLE = YES;
				IPHONEOS_DEPLOYMENT_TARGET = 8.1;
				MTL_ENABLE_DEBUG_INFO = NO;
				SDKROOT = iphoneos;
				VALIDATE_PRODUCT = YES;
			};
			name = Release;
		};
		588073FD1A754A9C0006A6C8 /* Debug */ = {
			isa = XCBuildConfiguration;
			baseConfigurationReference = 7549C85BE2FD2EEA18A39788 /* Pods-BabyTunes.debug.xcconfig */;
			buildSettings = {
				ASSETCATALOG_COMPILER_APPICON_NAME = AppIcon;
				CLANG_ENABLE_MODULES = YES;
				CODE_SIGN_IDENTITY = "iPhone Developer";
				"CODE_SIGN_IDENTITY[sdk=iphoneos*]" = "iPhone Developer";
				FRAMEWORK_SEARCH_PATHS = "";
				"FRAMEWORK_SEARCH_PATHS[arch=*]" = (
					"$(PROJECT_DIR)",
					"$(inherited)",
				);
				GCC_PREPROCESSOR_DEFINITIONS = (
					"$(inherited)",
					"COCOAPODS=1",
					"FB_REFERENCE_IMAGE_DIR=\"\\\"$(SOURCE_ROOT)/$(PROJECT_NAME)Tests/ReferenceImages\\\"\"",
				);
				INFOPLIST_FILE = BabyTunes/Info.plist;
				LD_RUNPATH_SEARCH_PATHS = "$(inherited) @executable_path/Frameworks";
				LINK_WITH_STANDARD_LIBRARIES = YES;
				OTHER_LDFLAGS = (
					"$(inherited)",
					"-framework",
					"\"Alamofire\"",
					"-framework",
					"\"SwiftyJSON\"",
					"-ObjC",
				);
				PRODUCT_BUNDLE_IDENTIFIER = "CCDimensions.$(PRODUCT_NAME:rfc1034identifier)";
				PRODUCT_NAME = "$(TARGET_NAME)";
				PROVISIONING_PROFILE = "";
				SWIFT_OBJC_BRIDGING_HEADER = "BabyTunes/Classes/BabyTunes-Bridging-Header.h";
				"SWIFT_OBJC_BRIDGING_HEADER[arch=*]" = "BabyTunes/Classes/BabyTunes-Bridging-Header.h";
				SWIFT_OPTIMIZATION_LEVEL = "-Onone";
			};
			name = Debug;
		};
		588073FE1A754A9C0006A6C8 /* Release */ = {
			isa = XCBuildConfiguration;
			baseConfigurationReference = 65925B733448619FBE9CD844 /* Pods-BabyTunes.release.xcconfig */;
			buildSettings = {
				ASSETCATALOG_COMPILER_APPICON_NAME = AppIcon;
				CLANG_ENABLE_MODULES = YES;
				CODE_SIGN_IDENTITY = "iPhone Developer";
				"CODE_SIGN_IDENTITY[sdk=iphoneos*]" = "iPhone Developer";
				FRAMEWORK_SEARCH_PATHS = "";
				"FRAMEWORK_SEARCH_PATHS[arch=*]" = (
					"$(PROJECT_DIR)",
					"$(inherited)",
				);
				INFOPLIST_FILE = BabyTunes/Info.plist;
				LD_RUNPATH_SEARCH_PATHS = "$(inherited) @executable_path/Frameworks";
				LINK_WITH_STANDARD_LIBRARIES = YES;
				OTHER_LDFLAGS = (
					"$(inherited)",
					"-framework",
					"\"Alamofire\"",
					"-framework",
					"\"SwiftyJSON\"",
					"-ObjC",
				);
				PRODUCT_BUNDLE_IDENTIFIER = "CCDimensions.$(PRODUCT_NAME:rfc1034identifier)";
				PRODUCT_NAME = "$(TARGET_NAME)";
				PROVISIONING_PROFILE = "";
				SWIFT_OBJC_BRIDGING_HEADER = "BabyTunes/Classes/BabyTunes-Bridging-Header.h";
				"SWIFT_OBJC_BRIDGING_HEADER[arch=*]" = "BabyTunes/Classes/BabyTunes-Bridging-Header.h";
			};
			name = Release;
		};
		588074001A754A9C0006A6C8 /* Debug */ = {
			isa = XCBuildConfiguration;
			baseConfigurationReference = 0BB07ACF3442CC2FC3177474 /* Pods-BabyTunesTests.debug.xcconfig */;
			buildSettings = {
				BUNDLE_LOADER = "$(TEST_HOST)";
				FRAMEWORK_SEARCH_PATHS = (
					"$(SDKROOT)/Developer/Library/Frameworks",
					"$(inherited)",
					"$(PROJECT_DIR)",
				);
				GCC_PREPROCESSOR_DEFINITIONS = (
					"DEBUG=1",
					"$(inherited)",
				);
				INFOPLIST_FILE = BabyTunesTests/Info.plist;
				LD_RUNPATH_SEARCH_PATHS = "$(inherited) @executable_path/Frameworks @loader_path/Frameworks";
				PRODUCT_BUNDLE_IDENTIFIER = "CCDimensions.$(PRODUCT_NAME:rfc1034identifier)";
				PRODUCT_NAME = "$(TARGET_NAME)";
				SWIFT_OBJC_BRIDGING_HEADER = "BabyTunes/Classes/BabyTunesTests-Bridging-Header.h";
				"SWIFT_OBJC_BRIDGING_HEADER[arch=*]" = "BabyTunes/Classes/BabyTunesTests-Bridging-Header.h";
				TEST_HOST = "$(BUILT_PRODUCTS_DIR)/BabyTunes.app/BabyTunes";
			};
			name = Debug;
		};
		588074011A754A9C0006A6C8 /* Release */ = {
			isa = XCBuildConfiguration;
			baseConfigurationReference = 6B0369E8BE11F30954AC487A /* Pods-BabyTunesTests.release.xcconfig */;
			buildSettings = {
				BUNDLE_LOADER = "$(TEST_HOST)";
				FRAMEWORK_SEARCH_PATHS = (
					"$(SDKROOT)/Developer/Library/Frameworks",
					"$(inherited)",
					"$(PROJECT_DIR)",
				);
				INFOPLIST_FILE = BabyTunesTests/Info.plist;
				LD_RUNPATH_SEARCH_PATHS = "$(inherited) @executable_path/Frameworks @loader_path/Frameworks";
				PRODUCT_BUNDLE_IDENTIFIER = "CCDimensions.$(PRODUCT_NAME:rfc1034identifier)";
				PRODUCT_NAME = "$(TARGET_NAME)";
				SWIFT_OBJC_BRIDGING_HEADER = "BabyTunes/Classes/BabyTunesTests-Bridging-Header.h";
				"SWIFT_OBJC_BRIDGING_HEADER[arch=*]" = "BabyTunes/Classes/BabyTunesTests-Bridging-Header.h";
				TEST_HOST = "$(BUILT_PRODUCTS_DIR)/BabyTunes.app/BabyTunes";
			};
			name = Release;
		};
/* End XCBuildConfiguration section */

/* Begin XCConfigurationList section */
		588073D51A754A9A0006A6C8 /* Build configuration list for PBXProject "BabyTunes" */ = {
			isa = XCConfigurationList;
			buildConfigurations = (
				588073FA1A754A9C0006A6C8 /* Debug */,
				588073FB1A754A9C0006A6C8 /* Release */,
			);
			defaultConfigurationIsVisible = 0;
			defaultConfigurationName = Release;
		};
		588073FC1A754A9C0006A6C8 /* Build configuration list for PBXNativeTarget "BabyTunes" */ = {
			isa = XCConfigurationList;
			buildConfigurations = (
				588073FD1A754A9C0006A6C8 /* Debug */,
				588073FE1A754A9C0006A6C8 /* Release */,
			);
			defaultConfigurationIsVisible = 0;
			defaultConfigurationName = Release;
		};
		588073FF1A754A9C0006A6C8 /* Build configuration list for PBXNativeTarget "BabyTunesTests" */ = {
			isa = XCConfigurationList;
			buildConfigurations = (
				588074001A754A9C0006A6C8 /* Debug */,
				588074011A754A9C0006A6C8 /* Release */,
			);
			defaultConfigurationIsVisible = 0;
			defaultConfigurationName = Release;
		};
/* End XCConfigurationList section */

/* Begin XCVersionGroup section */
		588073E11A754A9A0006A6C8 /* BabyTunes.xcdatamodeld */ = {
			isa = XCVersionGroup;
			children = (
				588073E21A754A9A0006A6C8 /* BabyTunes.xcdatamodel */,
			);
			currentVersion = 588073E21A754A9A0006A6C8 /* BabyTunes.xcdatamodel */;
			path = BabyTunes.xcdatamodeld;
			sourceTree = "<group>";
			versionGroupType = wrapper.xcdatamodel;
		};
/* End XCVersionGroup section */
	};
	rootObject = 588073D21A754A9A0006A6C8 /* Project object */;
}
